// !$*UTF8*$!
{
	archiveVersion = 1;
	classes = {
	};
	objectVersion = 46;
	objects = {

/* Begin PBXBuildFile section */
		5649140D1F0F7FE600693F51 /* CameraController.m in Sources */ = {isa = PBXBuildFile; fileRef = 5649140C1F0F7FE600693F51 /* CameraController.m */; };
		564914101F0F82CA00693F51 /* FaceDetect.m in Sources */ = {isa = PBXBuildFile; fileRef = 5649140F1F0F82C900693F51 /* FaceDetect.m */; };
		567B20A71F0604A200B970CB /* AppDelegate.swift in Sources */ = {isa = PBXBuildFile; fileRef = 567B20A61F0604A200B970CB /* AppDelegate.swift */; };
		567B20A91F0604A200B970CB /* ViewController.swift in Sources */ = {isa = PBXBuildFile; fileRef = 567B20A81F0604A200B970CB /* ViewController.swift */; };
		567B20AC1F0604A200B970CB /* Main.storyboard in Resources */ = {isa = PBXBuildFile; fileRef = 567B20AA1F0604A200B970CB /* Main.storyboard */; };
		567B20AE1F0604A200B970CB /* Assets.xcassets in Resources */ = {isa = PBXBuildFile; fileRef = 567B20AD1F0604A200B970CB /* Assets.xcassets */; };
		567B20B11F0604A200B970CB /* LaunchScreen.storyboard in Resources */ = {isa = PBXBuildFile; fileRef = 567B20AF1F0604A200B970CB /* LaunchScreen.storyboard */; };
		567B20BC1F0604A200B970CB /* XY_iOSTests.swift in Sources */ = {isa = PBXBuildFile; fileRef = 567B20BB1F0604A200B970CB /* XY_iOSTests.swift */; };
		567B20C71F0604A200B970CB /* XY_iOSUITests.swift in Sources */ = {isa = PBXBuildFile; fileRef = 567B20C61F0604A200B970CB /* XY_iOSUITests.swift */; };
		567B20D81F06067700B970CB /* SGHeartModel.m in Sources */ = {isa = PBXBuildFile; fileRef = 567B20D71F06067700B970CB /* SGHeartModel.m */; };
		567B20DD1F06093000B970CB /* ExampleViewController.m in Sources */ = {isa = PBXBuildFile; fileRef = 567B20DC1F06093000B970CB /* ExampleViewController.m */; };
		567B20E01F061A2500B970CB /* SGHeartHelper.m in Sources */ = {isa = PBXBuildFile; fileRef = 567B20DF1F061A2500B970CB /* SGHeartHelper.m */; };
		567B20E31F061BC800B970CB /* SGHeartHelperTests.m in Sources */ = {isa = PBXBuildFile; fileRef = 567B20E21F061BC800B970CB /* SGHeartHelperTests.m */; };
		56DC392A1F132F5600D6C597 /* libc++.tbd in Frameworks */ = {isa = PBXBuildFile; fileRef = 56DC39291F132F5600D6C597 /* libc++.tbd */; };
		56DC392E1F132F6900D6C597 /* SystemConfiguration.framework in Frameworks */ = {isa = PBXBuildFile; fileRef = 56DC392D1F132F6900D6C597 /* SystemConfiguration.framework */; };
		56DC39301F132F7100D6C597 /* MobileCoreServices.framework in Frameworks */ = {isa = PBXBuildFile; fileRef = 56DC392F1F132F7100D6C597 /* MobileCoreServices.framework */; };
		56DC39341F132F8300D6C597 /* CoreGraphics.framework in Frameworks */ = {isa = PBXBuildFile; fileRef = 56DC39331F132F8300D6C597 /* CoreGraphics.framework */; };
		56DC393A1F13355F00D6C597 /* iflyMSC.framework in Frameworks */ = {isa = PBXBuildFile; fileRef = 56DC39391F13355F00D6C597 /* iflyMSC.framework */; };
		56DC394C1F1336EC00D6C597 /* libz.tbd in Frameworks */ = {isa = PBXBuildFile; fileRef = 56DC394B1F1336EC00D6C597 /* libz.tbd */; };
		56DC394F1F1337B100D6C597 /* libstdc++.tbd in Frameworks */ = {isa = PBXBuildFile; fileRef = 56DC392B1F132F6000D6C597 /* libstdc++.tbd */; };
		56DC39511F1337E100D6C597 /* CoreAudio.framework in Frameworks */ = {isa = PBXBuildFile; fileRef = 56DC39501F1337E100D6C597 /* CoreAudio.framework */; };
		56DC39521F1337E900D6C597 /* CoreTelephony.framework in Frameworks */ = {isa = PBXBuildFile; fileRef = 56DC393F1F13362600D6C597 /* CoreTelephony.framework */; };
		56DC39551F134AD500D6C597 /* FaceConfig.m in Sources */ = {isa = PBXBuildFile; fileRef = 56DC39541F134AD500D6C597 /* FaceConfig.m */; };
		56DC39581F13578100D6C597 /* DetectViewController.m in Sources */ = {isa = PBXBuildFile; fileRef = 56DC39571F13578100D6C597 /* DetectViewController.m */; };
		A5D7D1A9FDA405F592170122 /* Pods_XY_iOS.framework in Frameworks */ = {isa = PBXBuildFile; fileRef = 3C6A9BB21EB5F6979CF67FC8 /* Pods_XY_iOS.framework */; };
		EDD47BCA96D8F15E1024F496 /* Pods_XY_iOSTests.framework in Frameworks */ = {isa = PBXBuildFile; fileRef = F00F41A4905E8A36EFC78B00 /* Pods_XY_iOSTests.framework */; };
/* End PBXBuildFile section */

/* Begin PBXContainerItemProxy section */
		567B20B81F0604A200B970CB /* PBXContainerItemProxy */ = {
			isa = PBXContainerItemProxy;
			containerPortal = 567B209B1F0604A200B970CB /* Project object */;
			proxyType = 1;
			remoteGlobalIDString = 567B20A21F0604A200B970CB;
			remoteInfo = XY.iOS;
		};
		567B20C31F0604A200B970CB /* PBXContainerItemProxy */ = {
			isa = PBXContainerItemProxy;
			containerPortal = 567B209B1F0604A200B970CB /* Project object */;
			proxyType = 1;
			remoteGlobalIDString = 567B20A21F0604A200B970CB;
			remoteInfo = XY.iOS;
		};
/* End PBXContainerItemProxy section */

/* Begin PBXFileReference section */
		3C6A9BB21EB5F6979CF67FC8 /* Pods_XY_iOS.framework */ = {isa = PBXFileReference; explicitFileType = wrapper.framework; includeInIndex = 0; path = Pods_XY_iOS.framework; sourceTree = BUILT_PRODUCTS_DIR; };
		403ADC937E724FCC7A3BD248 /* Pods-XY.iOS.release.xcconfig */ = {isa = PBXFileReference; includeInIndex = 1; lastKnownFileType = text.xcconfig; name = "Pods-XY.iOS.release.xcconfig"; path = "Pods/Target Support Files/Pods-XY.iOS/Pods-XY.iOS.release.xcconfig"; sourceTree = "<group>"; };
		4464DB901B05F8C4CFAF425D /* Pods-XY.iOSTests.release.xcconfig */ = {isa = PBXFileReference; includeInIndex = 1; lastKnownFileType = text.xcconfig; name = "Pods-XY.iOSTests.release.xcconfig"; path = "Pods/Target Support Files/Pods-XY.iOSTests/Pods-XY.iOSTests.release.xcconfig"; sourceTree = "<group>"; };
		53C60691B6620450D1A44F9C /* Pods-XY.iOS.debug.xcconfig */ = {isa = PBXFileReference; includeInIndex = 1; lastKnownFileType = text.xcconfig; name = "Pods-XY.iOS.debug.xcconfig"; path = "Pods/Target Support Files/Pods-XY.iOS/Pods-XY.iOS.debug.xcconfig"; sourceTree = "<group>"; };
		5649140B1F0F7FE600693F51 /* CameraController.h */ = {isa = PBXFileReference; fileEncoding = 4; lastKnownFileType = sourcecode.c.h; path = CameraController.h; sourceTree = "<group>"; };
		5649140C1F0F7FE600693F51 /* CameraController.m */ = {isa = PBXFileReference; fileEncoding = 4; lastKnownFileType = sourcecode.c.objc; path = CameraController.m; sourceTree = "<group>"; };
		5649140E1F0F82C900693F51 /* FaceDetect.h */ = {isa = PBXFileReference; fileEncoding = 4; lastKnownFileType = sourcecode.c.h; path = FaceDetect.h; sourceTree = "<group>"; };
		5649140F1F0F82C900693F51 /* FaceDetect.m */ = {isa = PBXFileReference; fileEncoding = 4; lastKnownFileType = sourcecode.c.objc; path = FaceDetect.m; sourceTree = "<group>"; };
		567B20A31F0604A200B970CB /* XY.iOS.app */ = {isa = PBXFileReference; explicitFileType = wrapper.application; includeInIndex = 0; path = XY.iOS.app; sourceTree = BUILT_PRODUCTS_DIR; };
		567B20A61F0604A200B970CB /* AppDelegate.swift */ = {isa = PBXFileReference; lastKnownFileType = sourcecode.swift; path = AppDelegate.swift; sourceTree = "<group>"; };
		567B20A81F0604A200B970CB /* ViewController.swift */ = {isa = PBXFileReference; lastKnownFileType = sourcecode.swift; path = ViewController.swift; sourceTree = "<group>"; };
		567B20AB1F0604A200B970CB /* Base */ = {isa = PBXFileReference; lastKnownFileType = file.storyboard; name = Base; path = Base.lproj/Main.storyboard; sourceTree = "<group>"; };
		567B20AD1F0604A200B970CB /* Assets.xcassets */ = {isa = PBXFileReference; lastKnownFileType = folder.assetcatalog; path = Assets.xcassets; sourceTree = "<group>"; };
		567B20B01F0604A200B970CB /* Base */ = {isa = PBXFileReference; lastKnownFileType = file.storyboard; name = Base; path = Base.lproj/LaunchScreen.storyboard; sourceTree = "<group>"; };
		567B20B21F0604A200B970CB /* Info.plist */ = {isa = PBXFileReference; lastKnownFileType = text.plist.xml; path = Info.plist; sourceTree = "<group>"; };
		567B20B71F0604A200B970CB /* XY.iOSTests.xctest */ = {isa = PBXFileReference; explicitFileType = wrapper.cfbundle; includeInIndex = 0; path = XY.iOSTests.xctest; sourceTree = BUILT_PRODUCTS_DIR; };
		567B20BB1F0604A200B970CB /* XY_iOSTests.swift */ = {isa = PBXFileReference; lastKnownFileType = sourcecode.swift; path = XY_iOSTests.swift; sourceTree = "<group>"; };
		567B20BD1F0604A200B970CB /* Info.plist */ = {isa = PBXFileReference; lastKnownFileType = text.plist.xml; path = Info.plist; sourceTree = "<group>"; };
		567B20C21F0604A200B970CB /* XY.iOSUITests.xctest */ = {isa = PBXFileReference; explicitFileType = wrapper.cfbundle; includeInIndex = 0; path = XY.iOSUITests.xctest; sourceTree = BUILT_PRODUCTS_DIR; };
		567B20C61F0604A200B970CB /* XY_iOSUITests.swift */ = {isa = PBXFileReference; lastKnownFileType = sourcecode.swift; path = XY_iOSUITests.swift; sourceTree = "<group>"; };
		567B20C81F0604A200B970CB /* Info.plist */ = {isa = PBXFileReference; lastKnownFileType = text.plist.xml; path = Info.plist; sourceTree = "<group>"; };
		567B20D51F06067700B970CB /* XY.iOS-Bridging-Header.h */ = {isa = PBXFileReference; lastKnownFileType = sourcecode.c.h; path = "XY.iOS-Bridging-Header.h"; sourceTree = "<group>"; };
		567B20D61F06067700B970CB /* SGHeartModel.h */ = {isa = PBXFileReference; fileEncoding = 4; lastKnownFileType = sourcecode.c.h; path = SGHeartModel.h; sourceTree = "<group>"; };
		567B20D71F06067700B970CB /* SGHeartModel.m */ = {isa = PBXFileReference; fileEncoding = 4; lastKnownFileType = sourcecode.c.objc; path = SGHeartModel.m; sourceTree = "<group>"; };
		567B20D91F0606A400B970CB /* PrefixHeader.pch */ = {isa = PBXFileReference; lastKnownFileType = sourcecode.c.h; path = PrefixHeader.pch; sourceTree = "<group>"; };
		567B20DB1F06093000B970CB /* ExampleViewController.h */ = {isa = PBXFileReference; fileEncoding = 4; lastKnownFileType = sourcecode.c.h; path = ExampleViewController.h; sourceTree = "<group>"; };
		567B20DC1F06093000B970CB /* ExampleViewController.m */ = {isa = PBXFileReference; fileEncoding = 4; lastKnownFileType = sourcecode.c.objc; path = ExampleViewController.m; sourceTree = "<group>"; };
		567B20DE1F061A2500B970CB /* SGHeartHelper.h */ = {isa = PBXFileReference; fileEncoding = 4; lastKnownFileType = sourcecode.c.h; path = SGHeartHelper.h; sourceTree = "<group>"; };
		567B20DF1F061A2500B970CB /* SGHeartHelper.m */ = {isa = PBXFileReference; fileEncoding = 4; lastKnownFileType = sourcecode.c.objc; path = SGHeartHelper.m; sourceTree = "<group>"; };
		567B20E11F061BC800B970CB /* XY.iOSTests-Bridging-Header.h */ = {isa = PBXFileReference; lastKnownFileType = sourcecode.c.h; path = "XY.iOSTests-Bridging-Header.h"; sourceTree = "<group>"; };
		567B20E21F061BC800B970CB /* SGHeartHelperTests.m */ = {isa = PBXFileReference; fileEncoding = 4; lastKnownFileType = sourcecode.c.objc; path = SGHeartHelperTests.m; sourceTree = "<group>"; };
		56DC39291F132F5600D6C597 /* libc++.tbd */ = {isa = PBXFileReference; lastKnownFileType = "sourcecode.text-based-dylib-definition"; name = "libc++.tbd"; path = "usr/lib/libc++.tbd"; sourceTree = SDKROOT; };
		56DC392B1F132F6000D6C597 /* libstdc++.tbd */ = {isa = PBXFileReference; lastKnownFileType = "sourcecode.text-based-dylib-definition"; name = "libstdc++.tbd"; path = "usr/lib/libstdc++.tbd"; sourceTree = SDKROOT; };
		56DC392D1F132F6900D6C597 /* SystemConfiguration.framework */ = {isa = PBXFileReference; lastKnownFileType = wrapper.framework; name = SystemConfiguration.framework; path = System/Library/Frameworks/SystemConfiguration.framework; sourceTree = SDKROOT; };
		56DC392F1F132F7100D6C597 /* MobileCoreServices.framework */ = {isa = PBXFileReference; lastKnownFileType = wrapper.framework; name = MobileCoreServices.framework; path = System/Library/Frameworks/MobileCoreServices.framework; sourceTree = SDKROOT; };
		56DC39311F132F7900D6C597 /* UIKit.framework */ = {isa = PBXFileReference; lastKnownFileType = wrapper.framework; name = UIKit.framework; path = System/Library/Frameworks/UIKit.framework; sourceTree = SDKROOT; };
		56DC39331F132F8300D6C597 /* CoreGraphics.framework */ = {isa = PBXFileReference; lastKnownFileType = wrapper.framework; name = CoreGraphics.framework; path = System/Library/Frameworks/CoreGraphics.framework; sourceTree = SDKROOT; };
		56DC39351F13327B00D6C597 /* Foundation.framework */ = {isa = PBXFileReference; lastKnownFileType = wrapper.framework; name = Foundation.framework; path = System/Library/Frameworks/Foundation.framework; sourceTree = SDKROOT; };
		56DC39391F13355F00D6C597 /* iflyMSC.framework */ = {isa = PBXFileReference; lastKnownFileType = wrapper.framework; name = iflyMSC.framework; path = XY.iOS/lib/iflyMSC.framework; sourceTree = "<group>"; };
		56DC393B1F13361700D6C597 /* CoreVideo.framework */ = {isa = PBXFileReference; lastKnownFileType = wrapper.framework; name = CoreVideo.framework; path = System/Library/Frameworks/CoreVideo.framework; sourceTree = SDKROOT; };
		56DC393D1F13361F00D6C597 /* CoreMotion.framework */ = {isa = PBXFileReference; lastKnownFileType = wrapper.framework; name = CoreMotion.framework; path = System/Library/Frameworks/CoreMotion.framework; sourceTree = SDKROOT; };
		56DC393F1F13362600D6C597 /* CoreTelephony.framework */ = {isa = PBXFileReference; lastKnownFileType = wrapper.framework; name = CoreTelephony.framework; path = System/Library/Frameworks/CoreTelephony.framework; sourceTree = SDKROOT; };
		56DC39411F13362D00D6C597 /* AddressBook.framework */ = {isa = PBXFileReference; lastKnownFileType = wrapper.framework; name = AddressBook.framework; path = System/Library/Frameworks/AddressBook.framework; sourceTree = SDKROOT; };
		56DC39431F13363600D6C597 /* AudioToolbox.framework */ = {isa = PBXFileReference; lastKnownFileType = wrapper.framework; name = AudioToolbox.framework; path = System/Library/Frameworks/AudioToolbox.framework; sourceTree = SDKROOT; };
		56DC39451F13363F00D6C597 /* AssetsLibrary.framework */ = {isa = PBXFileReference; lastKnownFileType = wrapper.framework; name = AssetsLibrary.framework; path = System/Library/Frameworks/AssetsLibrary.framework; sourceTree = SDKROOT; };
		56DC39471F13364600D6C597 /* AVFoundation.framework */ = {isa = PBXFileReference; lastKnownFileType = wrapper.framework; name = AVFoundation.framework; path = System/Library/Frameworks/AVFoundation.framework; sourceTree = SDKROOT; };
		56DC39491F13364D00D6C597 /* QuartzCore.framework */ = {isa = PBXFileReference; lastKnownFileType = wrapper.framework; name = QuartzCore.framework; path = System/Library/Frameworks/QuartzCore.framework; sourceTree = SDKROOT; };
		56DC394B1F1336EC00D6C597 /* libz.tbd */ = {isa = PBXFileReference; lastKnownFileType = "sourcecode.text-based-dylib-definition"; name = libz.tbd; path = usr/lib/libz.tbd; sourceTree = SDKROOT; };
		56DC394D1F13377D00D6C597 /* libsqlite3.tbd */ = {isa = PBXFileReference; lastKnownFileType = "sourcecode.text-based-dylib-definition"; name = libsqlite3.tbd; path = usr/lib/libsqlite3.tbd; sourceTree = SDKROOT; };
		56DC39501F1337E100D6C597 /* CoreAudio.framework */ = {isa = PBXFileReference; lastKnownFileType = wrapper.framework; name = CoreAudio.framework; path = System/Library/Frameworks/CoreAudio.framework; sourceTree = SDKROOT; };
		56DC39531F134AD500D6C597 /* FaceConfig.h */ = {isa = PBXFileReference; fileEncoding = 4; lastKnownFileType = sourcecode.c.h; path = FaceConfig.h; sourceTree = "<group>"; };
		56DC39541F134AD500D6C597 /* FaceConfig.m */ = {isa = PBXFileReference; fileEncoding = 4; lastKnownFileType = sourcecode.c.objc; path = FaceConfig.m; sourceTree = "<group>"; };
		56DC39561F13578100D6C597 /* DetectViewController.h */ = {isa = PBXFileReference; fileEncoding = 4; lastKnownFileType = sourcecode.c.h; path = DetectViewController.h; sourceTree = "<group>"; };
		56DC39571F13578100D6C597 /* DetectViewController.m */ = {isa = PBXFileReference; fileEncoding = 4; lastKnownFileType = sourcecode.c.objc; path = DetectViewController.m; sourceTree = "<group>"; };
		CD685FCC1C835A141CDD9F60 /* Pods-XY.iOSTests.debug.xcconfig */ = {isa = PBXFileReference; includeInIndex = 1; lastKnownFileType = text.xcconfig; name = "Pods-XY.iOSTests.debug.xcconfig"; path = "Pods/Target Support Files/Pods-XY.iOSTests/Pods-XY.iOSTests.debug.xcconfig"; sourceTree = "<group>"; };
		F00F41A4905E8A36EFC78B00 /* Pods_XY_iOSTests.framework */ = {isa = PBXFileReference; explicitFileType = wrapper.framework; includeInIndex = 0; path = Pods_XY_iOSTests.framework; sourceTree = BUILT_PRODUCTS_DIR; };
/* End PBXFileReference section */

/* Begin PBXFrameworksBuildPhase section */
		567B20A01F0604A200B970CB /* Frameworks */ = {
			isa = PBXFrameworksBuildPhase;
			buildActionMask = 2147483647;
			files = (
				56DC39521F1337E900D6C597 /* CoreTelephony.framework in Frameworks */,
				56DC39511F1337E100D6C597 /* CoreAudio.framework in Frameworks */,
				56DC394F1F1337B100D6C597 /* libstdc++.tbd in Frameworks */,
				56DC394C1F1336EC00D6C597 /* libz.tbd in Frameworks */,
				56DC393A1F13355F00D6C597 /* iflyMSC.framework in Frameworks */,
				56DC39341F132F8300D6C597 /* CoreGraphics.framework in Frameworks */,
				56DC39301F132F7100D6C597 /* MobileCoreServices.framework in Frameworks */,
				56DC392E1F132F6900D6C597 /* SystemConfiguration.framework in Frameworks */,
				56DC392A1F132F5600D6C597 /* libc++.tbd in Frameworks */,
				A5D7D1A9FDA405F592170122 /* Pods_XY_iOS.framework in Frameworks */,
			);
			runOnlyForDeploymentPostprocessing = 0;
		};
		567B20B41F0604A200B970CB /* Frameworks */ = {
			isa = PBXFrameworksBuildPhase;
			buildActionMask = 2147483647;
			files = (
				EDD47BCA96D8F15E1024F496 /* Pods_XY_iOSTests.framework in Frameworks */,
			);
			runOnlyForDeploymentPostprocessing = 0;
		};
		567B20BF1F0604A200B970CB /* Frameworks */ = {
			isa = PBXFrameworksBuildPhase;
			buildActionMask = 2147483647;
			files = (
			);
			runOnlyForDeploymentPostprocessing = 0;
		};
/* End PBXFrameworksBuildPhase section */

/* Begin PBXGroup section */
		469AB29FE5E9AC67E763B857 /* Frameworks */ = {
			isa = PBXGroup;
			children = (
				56DC39501F1337E100D6C597 /* CoreAudio.framework */,
				56DC394D1F13377D00D6C597 /* libsqlite3.tbd */,
				56DC394B1F1336EC00D6C597 /* libz.tbd */,
				56DC39491F13364D00D6C597 /* QuartzCore.framework */,
				56DC39471F13364600D6C597 /* AVFoundation.framework */,
				56DC39451F13363F00D6C597 /* AssetsLibrary.framework */,
				56DC39431F13363600D6C597 /* AudioToolbox.framework */,
				56DC39411F13362D00D6C597 /* AddressBook.framework */,
				56DC393F1F13362600D6C597 /* CoreTelephony.framework */,
				56DC393D1F13361F00D6C597 /* CoreMotion.framework */,
				56DC393B1F13361700D6C597 /* CoreVideo.framework */,
				56DC39391F13355F00D6C597 /* iflyMSC.framework */,
				56DC39351F13327B00D6C597 /* Foundation.framework */,
				56DC39331F132F8300D6C597 /* CoreGraphics.framework */,
				56DC39311F132F7900D6C597 /* UIKit.framework */,
				56DC392F1F132F7100D6C597 /* MobileCoreServices.framework */,
				56DC392D1F132F6900D6C597 /* SystemConfiguration.framework */,
				56DC392B1F132F6000D6C597 /* libstdc++.tbd */,
				56DC39291F132F5600D6C597 /* libc++.tbd */,
				3C6A9BB21EB5F6979CF67FC8 /* Pods_XY_iOS.framework */,
				F00F41A4905E8A36EFC78B00 /* Pods_XY_iOSTests.framework */,
			);
			name = Frameworks;
			sourceTree = "<group>";
		};
		48255031C2D93BE049F7DC0F /* Pods */ = {
			isa = PBXGroup;
			children = (
				53C60691B6620450D1A44F9C /* Pods-XY.iOS.debug.xcconfig */,
				403ADC937E724FCC7A3BD248 /* Pods-XY.iOS.release.xcconfig */,
				CD685FCC1C835A141CDD9F60 /* Pods-XY.iOSTests.debug.xcconfig */,
				4464DB901B05F8C4CFAF425D /* Pods-XY.iOSTests.release.xcconfig */,
			);
			name = Pods;
			sourceTree = "<group>";
		};
		567B209A1F0604A200B970CB = {
			isa = PBXGroup;
			children = (
				567B20A51F0604A200B970CB /* XY.iOS */,
				567B20BA1F0604A200B970CB /* XY.iOSTests */,
				567B20C51F0604A200B970CB /* XY.iOSUITests */,
				567B20A41F0604A200B970CB /* Products */,
				48255031C2D93BE049F7DC0F /* Pods */,
				469AB29FE5E9AC67E763B857 /* Frameworks */,
			);
			sourceTree = "<group>";
		};
		567B20A41F0604A200B970CB /* Products */ = {
			isa = PBXGroup;
			children = (
				567B20A31F0604A200B970CB /* XY.iOS.app */,
				567B20B71F0604A200B970CB /* XY.iOSTests.xctest */,
				567B20C21F0604A200B970CB /* XY.iOSUITests.xctest */,
			);
			name = Products;
			sourceTree = "<group>";
		};
		567B20A51F0604A200B970CB /* XY.iOS */ = {
			isa = PBXGroup;
			children = (
				567B20DA1F06091300B970CB /* Example */,
				567B20D41F06064F00B970CB /* resources */,
				567B20A61F0604A200B970CB /* AppDelegate.swift */,
				567B20A81F0604A200B970CB /* ViewController.swift */,
				567B20D91F0606A400B970CB /* PrefixHeader.pch */,
				567B20AA1F0604A200B970CB /* Main.storyboard */,
				567B20AD1F0604A200B970CB /* Assets.xcassets */,
				567B20AF1F0604A200B970CB /* LaunchScreen.storyboard */,
				567B20B21F0604A200B970CB /* Info.plist */,
			);
			path = XY.iOS;
			sourceTree = "<group>";
		};
		567B20BA1F0604A200B970CB /* XY.iOSTests */ = {
			isa = PBXGroup;
			children = (
				567B20BB1F0604A200B970CB /* XY_iOSTests.swift */,
				567B20E21F061BC800B970CB /* SGHeartHelperTests.m */,
				567B20BD1F0604A200B970CB /* Info.plist */,
				567B20E11F061BC800B970CB /* XY.iOSTests-Bridging-Header.h */,
			);
			path = XY.iOSTests;
			sourceTree = "<group>";
		};
		567B20C51F0604A200B970CB /* XY.iOSUITests */ = {
			isa = PBXGroup;
			children = (
				567B20C61F0604A200B970CB /* XY_iOSUITests.swift */,
				567B20C81F0604A200B970CB /* Info.plist */,
			);
			path = XY.iOSUITests;
			sourceTree = "<group>";
		};
		567B20D41F06064F00B970CB /* resources */ = {
			isa = PBXGroup;
			children = (
				567B20D61F06067700B970CB /* SGHeartModel.h */,
				567B20D71F06067700B970CB /* SGHeartModel.m */,
				567B20DE1F061A2500B970CB /* SGHeartHelper.h */,
				567B20DF1F061A2500B970CB /* SGHeartHelper.m */,
				5649140E1F0F82C900693F51 /* FaceDetect.h */,
				5649140F1F0F82C900693F51 /* FaceDetect.m */,
				56DC39531F134AD500D6C597 /* FaceConfig.h */,
				56DC39541F134AD500D6C597 /* FaceConfig.m */,
				567B20D51F06067700B970CB /* XY.iOS-Bridging-Header.h */,
			);
			path = resources;
			sourceTree = "<group>";
		};
		567B20DA1F06091300B970CB /* Example */ = {
			isa = PBXGroup;
			children = (
				567B20DB1F06093000B970CB /* ExampleViewController.h */,
				567B20DC1F06093000B970CB /* ExampleViewController.m */,
				5649140B1F0F7FE600693F51 /* CameraController.h */,
				5649140C1F0F7FE600693F51 /* CameraController.m */,
				56DC39561F13578100D6C597 /* DetectViewController.h */,
				56DC39571F13578100D6C597 /* DetectViewController.m */,
			);
			path = Example;
			sourceTree = "<group>";
		};
/* End PBXGroup section */

/* Begin PBXNativeTarget section */
		567B20A21F0604A200B970CB /* XY.iOS */ = {
			isa = PBXNativeTarget;
			buildConfigurationList = 567B20CB1F0604A200B970CB /* Build configuration list for PBXNativeTarget "XY.iOS" */;
			buildPhases = (
				EA79707082123D86895D1F01 /* [CP] Check Pods Manifest.lock */,
				567B209F1F0604A200B970CB /* Sources */,
				567B20A01F0604A200B970CB /* Frameworks */,
				567B20A11F0604A200B970CB /* Resources */,
				737B769D7705A85099B5782F /* [CP] Embed Pods Frameworks */,
				242D7F86DC7A9CCF0C59B162 /* [CP] Copy Pods Resources */,
			);
			buildRules = (
			);
			dependencies = (
			);
			name = XY.iOS;
			productName = XY.iOS;
			productReference = 567B20A31F0604A200B970CB /* XY.iOS.app */;
			productType = "com.apple.product-type.application";
		};
		567B20B61F0604A200B970CB /* XY.iOSTests */ = {
			isa = PBXNativeTarget;
			buildConfigurationList = 567B20CE1F0604A200B970CB /* Build configuration list for PBXNativeTarget "XY.iOSTests" */;
			buildPhases = (
				3C329CC87FC358224F824081 /* [CP] Check Pods Manifest.lock */,
				567B20B31F0604A200B970CB /* Sources */,
				567B20B41F0604A200B970CB /* Frameworks */,
				567B20B51F0604A200B970CB /* Resources */,
				678F1853C4DC3067E352D3E2 /* [CP] Embed Pods Frameworks */,
				797F30A2A6A28B72A79021C5 /* [CP] Copy Pods Resources */,
			);
			buildRules = (
			);
			dependencies = (
				567B20B91F0604A200B970CB /* PBXTargetDependency */,
			);
			name = XY.iOSTests;
			productName = XY.iOSTests;
			productReference = 567B20B71F0604A200B970CB /* XY.iOSTests.xctest */;
			productType = "com.apple.product-type.bundle.unit-test";
		};
		567B20C11F0604A200B970CB /* XY.iOSUITests */ = {
			isa = PBXNativeTarget;
			buildConfigurationList = 567B20D11F0604A200B970CB /* Build configuration list for PBXNativeTarget "XY.iOSUITests" */;
			buildPhases = (
				567B20BE1F0604A200B970CB /* Sources */,
				567B20BF1F0604A200B970CB /* Frameworks */,
				567B20C01F0604A200B970CB /* Resources */,
			);
			buildRules = (
			);
			dependencies = (
				567B20C41F0604A200B970CB /* PBXTargetDependency */,
			);
			name = XY.iOSUITests;
			productName = XY.iOSUITests;
			productReference = 567B20C21F0604A200B970CB /* XY.iOSUITests.xctest */;
			productType = "com.apple.product-type.bundle.ui-testing";
		};
/* End PBXNativeTarget section */

/* Begin PBXProject section */
		567B209B1F0604A200B970CB /* Project object */ = {
			isa = PBXProject;
			attributes = {
				LastSwiftUpdateCheck = 0820;
				LastUpgradeCheck = 0820;
				ORGANIZATIONNAME = Lix;
				TargetAttributes = {
					567B20A21F0604A200B970CB = {
						CreatedOnToolsVersion = 8.2;
						DevelopmentTeam = R92MB35B2J;
						LastSwiftMigration = 0820;
						ProvisioningStyle = Automatic;
					};
					567B20B61F0604A200B970CB = {
						CreatedOnToolsVersion = 8.2;
						DevelopmentTeam = R92MB35B2J;
						LastSwiftMigration = 0820;
						ProvisioningStyle = Automatic;
						TestTargetID = 567B20A21F0604A200B970CB;
					};
					567B20C11F0604A200B970CB = {
						CreatedOnToolsVersion = 8.2;
						DevelopmentTeam = R92MB35B2J;
						ProvisioningStyle = Automatic;
						TestTargetID = 567B20A21F0604A200B970CB;
					};
				};
			};
			buildConfigurationList = 567B209E1F0604A200B970CB /* Build configuration list for PBXProject "XY.iOS" */;
			compatibilityVersion = "Xcode 3.2";
			developmentRegion = English;
			hasScannedForEncodings = 0;
			knownRegions = (
				en,
				Base,
			);
			mainGroup = 567B209A1F0604A200B970CB;
			productRefGroup = 567B20A41F0604A200B970CB /* Products */;
			projectDirPath = "";
			projectRoot = "";
			targets = (
				567B20A21F0604A200B970CB /* XY.iOS */,
				567B20B61F0604A200B970CB /* XY.iOSTests */,
				567B20C11F0604A200B970CB /* XY.iOSUITests */,
			);
		};
/* End PBXProject section */

/* Begin PBXResourcesBuildPhase section */
		567B20A11F0604A200B970CB /* Resources */ = {
			isa = PBXResourcesBuildPhase;
			buildActionMask = 2147483647;
			files = (
				567B20B11F0604A200B970CB /* LaunchScreen.storyboard in Resources */,
				567B20AE1F0604A200B970CB /* Assets.xcassets in Resources */,
				567B20AC1F0604A200B970CB /* Main.storyboard in Resources */,
			);
			runOnlyForDeploymentPostprocessing = 0;
		};
		567B20B51F0604A200B970CB /* Resources */ = {
			isa = PBXResourcesBuildPhase;
			buildActionMask = 2147483647;
			files = (
			);
			runOnlyForDeploymentPostprocessing = 0;
		};
		567B20C01F0604A200B970CB /* Resources */ = {
			isa = PBXResourcesBuildPhase;
			buildActionMask = 2147483647;
			files = (
			);
			runOnlyForDeploymentPostprocessing = 0;
		};
/* End PBXResourcesBuildPhase section */

/* Begin PBXShellScriptBuildPhase section */
		242D7F86DC7A9CCF0C59B162 /* [CP] Copy Pods Resources */ = {
			isa = PBXShellScriptBuildPhase;
			buildActionMask = 2147483647;
			files = (
			);
			inputPaths = (
			);
			name = "[CP] Copy Pods Resources";
			outputPaths = (
			);
			runOnlyForDeploymentPostprocessing = 0;
			shellPath = /bin/sh;
			shellScript = "\"${SRCROOT}/Pods/Target Support Files/Pods-XY.iOS/Pods-XY.iOS-resources.sh\"\n";
			showEnvVarsInLog = 0;
		};
		3C329CC87FC358224F824081 /* [CP] Check Pods Manifest.lock */ = {
			isa = PBXShellScriptBuildPhase;
			buildActionMask = 2147483647;
			files = (
			);
			inputPaths = (
			);
			name = "[CP] Check Pods Manifest.lock";
			outputPaths = (
			);
			runOnlyForDeploymentPostprocessing = 0;
			shellPath = /bin/sh;
			shellScript = "diff \"${PODS_ROOT}/../Podfile.lock\" \"${PODS_ROOT}/Manifest.lock\" > /dev/null\nif [ $? != 0 ] ; then\n    # print error to STDERR\n    echo \"error: The sandbox is not in sync with the Podfile.lock. Run 'pod install' or update your CocoaPods installation.\" >&2\n    exit 1\nfi\n";
			showEnvVarsInLog = 0;
		};
		678F1853C4DC3067E352D3E2 /* [CP] Embed Pods Frameworks */ = {
			isa = PBXShellScriptBuildPhase;
			buildActionMask = 2147483647;
			files = (
			);
			inputPaths = (
			);
			name = "[CP] Embed Pods Frameworks";
			outputPaths = (
			);
			runOnlyForDeploymentPostprocessing = 0;
			shellPath = /bin/sh;
			shellScript = "\"${SRCROOT}/Pods/Target Support Files/Pods-XY.iOSTests/Pods-XY.iOSTests-frameworks.sh\"\n";
			showEnvVarsInLog = 0;
		};
		737B769D7705A85099B5782F /* [CP] Embed Pods Frameworks */ = {
			isa = PBXShellScriptBuildPhase;
			buildActionMask = 2147483647;
			files = (
			);
			inputPaths = (
			);
			name = "[CP] Embed Pods Frameworks";
			outputPaths = (
			);
			runOnlyForDeploymentPostprocessing = 0;
			shellPath = /bin/sh;
			shellScript = "\"${SRCROOT}/Pods/Target Support Files/Pods-XY.iOS/Pods-XY.iOS-frameworks.sh\"\n";
			showEnvVarsInLog = 0;
		};
		797F30A2A6A28B72A79021C5 /* [CP] Copy Pods Resources */ = {
			isa = PBXShellScriptBuildPhase;
			buildActionMask = 2147483647;
			files = (
			);
			inputPaths = (
			);
			name = "[CP] Copy Pods Resources";
			outputPaths = (
			);
			runOnlyForDeploymentPostprocessing = 0;
			shellPath = /bin/sh;
			shellScript = "\"${SRCROOT}/Pods/Target Support Files/Pods-XY.iOSTests/Pods-XY.iOSTests-resources.sh\"\n";
			showEnvVarsInLog = 0;
		};
		EA79707082123D86895D1F01 /* [CP] Check Pods Manifest.lock */ = {
			isa = PBXShellScriptBuildPhase;
			buildActionMask = 2147483647;
			files = (
			);
			inputPaths = (
			);
			name = "[CP] Check Pods Manifest.lock";
			outputPaths = (
			);
			runOnlyForDeploymentPostprocessing = 0;
			shellPath = /bin/sh;
			shellScript = "diff \"${PODS_ROOT}/../Podfile.lock\" \"${PODS_ROOT}/Manifest.lock\" > /dev/null\nif [ $? != 0 ] ; then\n    # print error to STDERR\n    echo \"error: The sandbox is not in sync with the Podfile.lock. Run 'pod install' or update your CocoaPods installation.\" >&2\n    exit 1\nfi\n";
			showEnvVarsInLog = 0;
		};
/* End PBXShellScriptBuildPhase section */

/* Begin PBXSourcesBuildPhase section */
		567B209F1F0604A200B970CB /* Sources */ = {
			isa = PBXSourcesBuildPhase;
			buildActionMask = 2147483647;
			files = (
				567B20A91F0604A200B970CB /* ViewController.swift in Sources */,
				564914101F0F82CA00693F51 /* FaceDetect.m in Sources */,
				567B20DD1F06093000B970CB /* ExampleViewController.m in Sources */,
				567B20E01F061A2500B970CB /* SGHeartHelper.m in Sources */,
				56DC39581F13578100D6C597 /* DetectViewController.m in Sources */,
				56DC39551F134AD500D6C597 /* FaceConfig.m in Sources */,
				567B20A71F0604A200B970CB /* AppDelegate.swift in Sources */,
				5649140D1F0F7FE600693F51 /* CameraController.m in Sources */,
				567B20D81F06067700B970CB /* SGHeartModel.m in Sources */,
			);
			runOnlyForDeploymentPostprocessing = 0;
		};
		567B20B31F0604A200B970CB /* Sources */ = {
			isa = PBXSourcesBuildPhase;
			buildActionMask = 2147483647;
			files = (
				567B20E31F061BC800B970CB /* SGHeartHelperTests.m in Sources */,
				567B20BC1F0604A200B970CB /* XY_iOSTests.swift in Sources */,
			);
			runOnlyForDeploymentPostprocessing = 0;
		};
		567B20BE1F0604A200B970CB /* Sources */ = {
			isa = PBXSourcesBuildPhase;
			buildActionMask = 2147483647;
			files = (
				567B20C71F0604A200B970CB /* XY_iOSUITests.swift in Sources */,
			);
			runOnlyForDeploymentPostprocessing = 0;
		};
/* End PBXSourcesBuildPhase section */

/* Begin PBXTargetDependency section */
		567B20B91F0604A200B970CB /* PBXTargetDependency */ = {
			isa = PBXTargetDependency;
			target = 567B20A21F0604A200B970CB /* XY.iOS */;
			targetProxy = 567B20B81F0604A200B970CB /* PBXContainerItemProxy */;
		};
		567B20C41F0604A200B970CB /* PBXTargetDependency */ = {
			isa = PBXTargetDependency;
			target = 567B20A21F0604A200B970CB /* XY.iOS */;
			targetProxy = 567B20C31F0604A200B970CB /* PBXContainerItemProxy */;
		};
/* End PBXTargetDependency section */

/* Begin PBXVariantGroup section */
		567B20AA1F0604A200B970CB /* Main.storyboard */ = {
			isa = PBXVariantGroup;
			children = (
				567B20AB1F0604A200B970CB /* Base */,
			);
			name = Main.storyboard;
			sourceTree = "<group>";
		};
		567B20AF1F0604A200B970CB /* LaunchScreen.storyboard */ = {
			isa = PBXVariantGroup;
			children = (
				567B20B01F0604A200B970CB /* Base */,
			);
			name = LaunchScreen.storyboard;
			sourceTree = "<group>";
		};
/* End PBXVariantGroup section */

/* Begin XCBuildConfiguration section */
		567B20C91F0604A200B970CB /* Debug */ = {
			isa = XCBuildConfiguration;
			buildSettings = {
				ALWAYS_SEARCH_USER_PATHS = NO;
				CLANG_ANALYZER_NONNULL = YES;
				CLANG_CXX_LANGUAGE_STANDARD = "gnu++0x";
				CLANG_CXX_LIBRARY = "libc++";
				CLANG_ENABLE_MODULES = YES;
				CLANG_ENABLE_OBJC_ARC = YES;
				CLANG_WARN_BOOL_CONVERSION = YES;
				CLANG_WARN_CONSTANT_CONVERSION = YES;
				CLANG_WARN_DIRECT_OBJC_ISA_USAGE = YES_ERROR;
				CLANG_WARN_DOCUMENTATION_COMMENTS = YES;
				CLANG_WARN_EMPTY_BODY = YES;
				CLANG_WARN_ENUM_CONVERSION = YES;
				CLANG_WARN_INFINITE_RECURSION = YES;
				CLANG_WARN_INT_CONVERSION = YES;
				CLANG_WARN_OBJC_ROOT_CLASS = YES_ERROR;
				CLANG_WARN_SUSPICIOUS_MOVE = YES;
				CLANG_WARN_UNREACHABLE_CODE = YES;
				CLANG_WARN__DUPLICATE_METHOD_MATCH = YES;
				"CODE_SIGN_IDENTITY[sdk=iphoneos*]" = "iPhone Developer";
				COPY_PHASE_STRIP = NO;
				DEBUG_INFORMATION_FORMAT = dwarf;
				ENABLE_STRICT_OBJC_MSGSEND = YES;
				ENABLE_TESTABILITY = YES;
				GCC_C_LANGUAGE_STANDARD = gnu99;
				GCC_DYNAMIC_NO_PIC = NO;
				GCC_NO_COMMON_BLOCKS = YES;
				GCC_OPTIMIZATION_LEVEL = 0;
				GCC_PREPROCESSOR_DEFINITIONS = (
					"DEBUG=1",
					"$(inherited)",
				);
				GCC_WARN_64_TO_32_BIT_CONVERSION = YES;
				GCC_WARN_ABOUT_RETURN_TYPE = YES_ERROR;
				GCC_WARN_UNDECLARED_SELECTOR = YES;
				GCC_WARN_UNINITIALIZED_AUTOS = YES_AGGRESSIVE;
				GCC_WARN_UNUSED_FUNCTION = YES;
				GCC_WARN_UNUSED_VARIABLE = YES;
				IPHONEOS_DEPLOYMENT_TARGET = 10.2;
				MTL_ENABLE_DEBUG_INFO = YES;
				ONLY_ACTIVE_ARCH = YES;
				SDKROOT = iphoneos;
				SWIFT_ACTIVE_COMPILATION_CONDITIONS = DEBUG;
				SWIFT_OPTIMIZATION_LEVEL = "-Onone";
				TARGETED_DEVICE_FAMILY = "1,2";
			};
			name = Debug;
		};
		567B20CA1F0604A200B970CB /* Release */ = {
			isa = XCBuildConfiguration;
			buildSettings = {
				ALWAYS_SEARCH_USER_PATHS = NO;
				CLANG_ANALYZER_NONNULL = YES;
				CLANG_CXX_LANGUAGE_STANDARD = "gnu++0x";
				CLANG_CXX_LIBRARY = "libc++";
				CLANG_ENABLE_MODULES = YES;
				CLANG_ENABLE_OBJC_ARC = YES;
				CLANG_WARN_BOOL_CONVERSION = YES;
				CLANG_WARN_CONSTANT_CONVERSION = YES;
				CLANG_WARN_DIRECT_OBJC_ISA_USAGE = YES_ERROR;
				CLANG_WARN_DOCUMENTATION_COMMENTS = YES;
				CLANG_WARN_EMPTY_BODY = YES;
				CLANG_WARN_ENUM_CONVERSION = YES;
				CLANG_WARN_INFINITE_RECURSION = YES;
				CLANG_WARN_INT_CONVERSION = YES;
				CLANG_WARN_OBJC_ROOT_CLASS = YES_ERROR;
				CLANG_WARN_SUSPICIOUS_MOVE = YES;
				CLANG_WARN_UNREACHABLE_CODE = YES;
				CLANG_WARN__DUPLICATE_METHOD_MATCH = YES;
				"CODE_SIGN_IDENTITY[sdk=iphoneos*]" = "iPhone Developer";
				COPY_PHASE_STRIP = NO;
				DEBUG_INFORMATION_FORMAT = "dwarf-with-dsym";
				ENABLE_NS_ASSERTIONS = NO;
				ENABLE_STRICT_OBJC_MSGSEND = YES;
				GCC_C_LANGUAGE_STANDARD = gnu99;
				GCC_NO_COMMON_BLOCKS = YES;
				GCC_WARN_64_TO_32_BIT_CONVERSION = YES;
				GCC_WARN_ABOUT_RETURN_TYPE = YES_ERROR;
				GCC_WARN_UNDECLARED_SELECTOR = YES;
				GCC_WARN_UNINITIALIZED_AUTOS = YES_AGGRESSIVE;
				GCC_WARN_UNUSED_FUNCTION = YES;
				GCC_WARN_UNUSED_VARIABLE = YES;
				IPHONEOS_DEPLOYMENT_TARGET = 10.2;
				MTL_ENABLE_DEBUG_INFO = NO;
				SDKROOT = iphoneos;
				SWIFT_OPTIMIZATION_LEVEL = "-Owholemodule";
				TARGETED_DEVICE_FAMILY = "1,2";
				VALIDATE_PRODUCT = YES;
			};
			name = Release;
		};
		567B20CC1F0604A200B970CB /* Debug */ = {
			isa = XCBuildConfiguration;
			baseConfigurationReference = 53C60691B6620450D1A44F9C /* Pods-XY.iOS.debug.xcconfig */;
			buildSettings = {
				ASSETCATALOG_COMPILER_APPICON_NAME = AppIcon;
				CLANG_ENABLE_MODULES = YES;
				DEVELOPMENT_TEAM = R92MB35B2J;
				FRAMEWORK_SEARCH_PATHS = (
					"$(inherited)",
					"$(PROJECT_DIR)/XY.iOS/lib",
				);
				GCC_PRECOMPILE_PREFIX_HEADER = YES;
				GCC_PREFIX_HEADER = "$(SRCROOT)/XY.iOS/PrefixHeader.pch";
				INFOPLIST_FILE = XY.iOS/Info.plist;
				IPHONEOS_DEPLOYMENT_TARGET = 8.0;
				LD_RUNPATH_SEARCH_PATHS = "$(inherited) @executable_path/Frameworks";
				ONLY_ACTIVE_ARCH = YES;
				PRODUCT_BUNDLE_IDENTIFIER = "Lix.XY-iOS";
				PRODUCT_NAME = "$(TARGET_NAME)";
				SWIFT_OBJC_BRIDGING_HEADER = "XY.iOS/resources/XY.iOS-Bridging-Header.h";
				SWIFT_OPTIMIZATION_LEVEL = "-Onone";
				SWIFT_VERSION = 3.0;
				USER_HEADER_SEARCH_PATHS = "$(PODS_ROOT)/**";
			};
			name = Debug;
		};
		567B20CD1F0604A200B970CB /* Release */ = {
			isa = XCBuildConfiguration;
			baseConfigurationReference = 403ADC937E724FCC7A3BD248 /* Pods-XY.iOS.release.xcconfig */;
			buildSettings = {
				ASSETCATALOG_COMPILER_APPICON_NAME = AppIcon;
				CLANG_ENABLE_MODULES = YES;
				DEVELOPMENT_TEAM = R92MB35B2J;
				FRAMEWORK_SEARCH_PATHS = (
					"$(inherited)",
					"$(PROJECT_DIR)/XY.iOS/lib",
				);
				GCC_PRECOMPILE_PREFIX_HEADER = YES;
				GCC_PREFIX_HEADER = "$(SRCROOT)/XY.iOS/PrefixHeader.pch";
				INFOPLIST_FILE = XY.iOS/Info.plist;
				IPHONEOS_DEPLOYMENT_TARGET = 8.0;
				LD_RUNPATH_SEARCH_PATHS = "$(inherited) @executable_path/Frameworks";
				ONLY_ACTIVE_ARCH = YES;
				PRODUCT_BUNDLE_IDENTIFIER = "Lix.XY-iOS";
				PRODUCT_NAME = "$(TARGET_NAME)";
				SWIFT_OBJC_BRIDGING_HEADER = "XY.iOS/resources/XY.iOS-Bridging-Header.h";
				SWIFT_VERSION = 3.0;
				USER_HEADER_SEARCH_PATHS = "$(PODS_ROOT)/**";
			};
			name = Release;
		};
		567B20CF1F0604A200B970CB /* Debug */ = {
			isa = XCBuildConfiguration;
			baseConfigurationReference = CD685FCC1C835A141CDD9F60 /* Pods-XY.iOSTests.debug.xcconfig */;
			buildSettings = {
				ALWAYS_EMBED_SWIFT_STANDARD_LIBRARIES = YES;
				BUNDLE_LOADER = "$(TEST_HOST)";
				CLANG_ENABLE_MODULES = YES;
				DEVELOPMENT_TEAM = R92MB35B2J;
				INFOPLIST_FILE = XY.iOSTests/Info.plist;
				LD_RUNPATH_SEARCH_PATHS = "$(inherited) @executable_path/Frameworks @loader_path/Frameworks";
				PRODUCT_BUNDLE_IDENTIFIER = "Lix.XY-iOSTests";
				PRODUCT_NAME = "$(TARGET_NAME)";
				SWIFT_OBJC_BRIDGING_HEADER = "XY.iOSTests/XY.iOSTests-Bridging-Header.h";
				SWIFT_OPTIMIZATION_LEVEL = "-Onone";
				SWIFT_VERSION = 3.0;
				TEST_HOST = "$(BUILT_PRODUCTS_DIR)/XY.iOS.app/XY.iOS";
			};
			name = Debug;
		};
		567B20D01F0604A200B970CB /* Release */ = {
			isa = XCBuildConfiguration;
			baseConfigurationReference = 4464DB901B05F8C4CFAF425D /* Pods-XY.iOSTests.release.xcconfig */;
			buildSettings = {
				ALWAYS_EMBED_SWIFT_STANDARD_LIBRARIES = YES;
				BUNDLE_LOADER = "$(TEST_HOST)";
				CLANG_ENABLE_MODULES = YES;
				DEVELOPMENT_TEAM = R92MB35B2J;
				INFOPLIST_FILE = XY.iOSTests/Info.plist;
				LD_RUNPATH_SEARCH_PATHS = "$(inherited) @executable_path/Frameworks @loader_path/Frameworks";
				PRODUCT_BUNDLE_IDENTIFIER = "Lix.XY-iOSTests";
				PRODUCT_NAME = "$(TARGET_NAME)";
				SWIFT_OBJC_BRIDGING_HEADER = "XY.iOSTests/XY.iOSTests-Bridging-Header.h";
				SWIFT_VERSION = 3.0;
				TEST_HOST = "$(BUILT_PRODUCTS_DIR)/XY.iOS.app/XY.iOS";
			};
			name = Release;
		};
		567B20D21F0604A200B970CB /* Debug */ = {
			isa = XCBuildConfiguration;
			buildSettings = {
				ALWAYS_EMBED_SWIFT_STANDARD_LIBRARIES = YES;
				DEVELOPMENT_TEAM = R92MB35B2J;
				INFOPLIST_FILE = XY.iOSUITests/Info.plist;
				LD_RUNPATH_SEARCH_PATHS = "$(inherited) @executable_path/Frameworks @loader_path/Frameworks";
				PRODUCT_BUNDLE_IDENTIFIER = "Lix.XY-iOSUITests";
				PRODUCT_NAME = "$(TARGET_NAME)";
				SWIFT_VERSION = 3.0;
				TEST_TARGET_NAME = XY.iOS;
			};
			name = Debug;
		};
		567B20D31F0604A200B970CB /* Release */ = {
			isa = XCBuildConfiguration;
			buildSettings = {
				ALWAYS_EMBED_SWIFT_STANDARD_LIBRARIES = YES;
				DEVELOPMENT_TEAM = R92MB35B2J;
				INFOPLIST_FILE = XY.iOSUITests/Info.plist;
				LD_RUNPATH_SEARCH_PATHS = "$(inherited) @executable_path/Frameworks @loader_path/Frameworks";
				PRODUCT_BUNDLE_IDENTIFIER = "Lix.XY-iOSUITests";
				PRODUCT_NAME = "$(TARGET_NAME)";
				SWIFT_VERSION = 3.0;
				TEST_TARGET_NAME = XY.iOS;
			};
			name = Release;
		};
/* End XCBuildConfiguration section */

/* Begin XCConfigurationList section */
		567B209E1F0604A200B970CB /* Build configuration list for PBXProject "XY.iOS" */ = {
			isa = XCConfigurationList;
			buildConfigurations = (
				567B20C91F0604A200B970CB /* Debug */,
				567B20CA1F0604A200B970CB /* Release */,
			);
			defaultConfigurationIsVisible = 0;
			defaultConfigurationName = Release;
		};
		567B20CB1F0604A200B970CB /* Build configuration list for PBXNativeTarget "XY.iOS" */ = {
			isa = XCConfigurationList;
			buildConfigurations = (
				567B20CC1F0604A200B970CB /* Debug */,
				567B20CD1F0604A200B970CB /* Release */,
			);
			defaultConfigurationIsVisible = 0;
			defaultConfigurationName = Release;
		};
		567B20CE1F0604A200B970CB /* Build configuration list for PBXNativeTarget "XY.iOSTests" */ = {
			isa = XCConfigurationList;
			buildConfigurations = (
				567B20CF1F0604A200B970CB /* Debug */,
				567B20D01F0604A200B970CB /* Release */,
			);
			defaultConfigurationIsVisible = 0;
			defaultConfigurationName = Release;
		};
		567B20D11F0604A200B970CB /* Build configuration list for PBXNativeTarget "XY.iOSUITests" */ = {
			isa = XCConfigurationList;
			buildConfigurations = (
				567B20D21F0604A200B970CB /* Debug */,
				567B20D31F0604A200B970CB /* Release */,
			);
			defaultConfigurationIsVisible = 0;
			defaultConfigurationName = Release;
		};
/* End XCConfigurationList section */
	};
	rootObject = 567B209B1F0604A200B970CB /* Project object */;
}
